
Microsoft Visual Studio Solution File, Format Version 12.00
# Visual Studio Version 17
VisualStudioVersion = 17.10.35013.160
MinimumVisualStudioVersion = 10.0.40219.1
Project("{FAE04EC0-301F-11D3-BF4B-00C04F79EFBC}") = "GraphPresentation", "GraphPresentation\GraphPresentation.csproj", "{1ACF22B8-36AE-4F24-ACFD-495761D96005}"
EndProject
Global
	GlobalSection(SolutionConfigurationPlatforms) = preSolution
		Debug|Any CPU = Debug|Any CPU
		Release|Any CPU = Release|Any CPU
	EndGlobalSection
	GlobalSection(ProjectConfigurationPlatforms) = postSolution
		{1ACF22B8-36AE-4F24-ACFD-495761D96005}.Debug|Any CPU.ActiveCfg = Debug|Any CPU
		{1ACF22B8-36AE-4F24-ACFD-495761D96005}.Debug|Any CPU.Build.0 = Debug|Any CPU
		{1ACF22B8-36AE-4F24-ACFD-495761D96005}.Release|Any CPU.ActiveCfg = Release|Any CPU
		{1ACF22B8-36AE-4F24-ACFD-495761D96005}.Release|Any CPU.Build.0 = Release|Any CPU
	EndGlobalSection
	GlobalSection(SolutionProperties) = preSolution
		HideSolutionNode = FALSE
	EndGlobalSection
	GlobalSection(ExtensibilityGlobals) = postSolution
		SolutionGuid = {1FFDE0C6-BF6E-42A0-A2DE-B917B3B63907}
	EndGlobalSection
EndGlobal
